#
# This file is autogenerated by pip-compile with Python 3.10
# by the following command:
#
#    pip-compile --output-file=requirements.txt.lock requirements.txt
#
beautifulsoup4==4.12.3
    # via -r requirements.txt
certifi==2024.8.30
    # via requests
charset-normalizer==3.3.2
    # via requests
idna==3.8
    # via requests
requests==2.32.3
    # via -r requirements.txt
soupsieve==2.6
    # via beautifulsoup4
urllib3==2.2.2
    # via requests
